// !$*UTF8*$!
{
	archiveVersion = 1;
	classes = {
	};
	objectVersion = 50;
	objects = {

/* Begin PBXBuildFile section */
		2986867420B25800002B83D3 /* AppDelegate.swift in Sources */ = {isa = PBXBuildFile; fileRef = 2986867320B25800002B83D3 /* AppDelegate.swift */; };
		2986867620B25800002B83D3 /* ViewController.swift in Sources */ = {isa = PBXBuildFile; fileRef = 2986867520B25800002B83D3 /* ViewController.swift */; };
		2986867920B25800002B83D3 /* Main.storyboard in Resources */ = {isa = PBXBuildFile; fileRef = 2986867720B25800002B83D3 /* Main.storyboard */; };
		2986867B20B25801002B83D3 /* Assets.xcassets in Resources */ = {isa = PBXBuildFile; fileRef = 2986867A20B25801002B83D3 /* Assets.xcassets */; };
		2986867E20B25801002B83D3 /* LaunchScreen.storyboard in Resources */ = {isa = PBXBuildFile; fileRef = 2986867C20B25801002B83D3 /* LaunchScreen.storyboard */; };
		2986868920B25801002B83D3 /* QRCodeTimestampTests.swift in Sources */ = {isa = PBXBuildFile; fileRef = 2986868820B25801002B83D3 /* QRCodeTimestampTests.swift */; };
		2986869420B25801002B83D3 /* QRCodeTimestampUITests.swift in Sources */ = {isa = PBXBuildFile; fileRef = 2986869320B25801002B83D3 /* QRCodeTimestampUITests.swift */; };
/* End PBXBuildFile section */

/* Begin PBXContainerItemProxy section */
		2986868520B25801002B83D3 /* PBXContainerItemProxy */ = {
			isa = PBXContainerItemProxy;
			containerPortal = 2986866820B25800002B83D3 /* Project object */;
			proxyType = 1;
			remoteGlobalIDString = 2986866F20B25800002B83D3;
			remoteInfo = QRCodeTimestamp;
		};
		2986869020B25801002B83D3 /* PBXContainerItemProxy */ = {
			isa = PBXContainerItemProxy;
			containerPortal = 2986866820B25800002B83D3 /* Project object */;
			proxyType = 1;
			remoteGlobalIDString = 2986866F20B25800002B83D3;
			remoteInfo = QRCodeTimestamp;
		};
/* End PBXContainerItemProxy section */

/* Begin PBXFileReference section */
		2986867020B25800002B83D3 /* QRCodeTimestamp.app */ = {isa = PBXFileReference; explicitFileType = wrapper.application; includeInIndex = 0; path = QRCodeTimestamp.app; sourceTree = BUILT_PRODUCTS_DIR; };
		2986867320B25800002B83D3 /* AppDelegate.swift */ = {isa = PBXFileReference; lastKnownFileType = sourcecode.swift; path = AppDelegate.swift; sourceTree = "<group>"; };
		2986867520B25800002B83D3 /* ViewController.swift */ = {isa = PBXFileReference; lastKnownFileType = sourcecode.swift; path = ViewController.swift; sourceTree = "<group>"; };
		2986867820B25800002B83D3 /* Base */ = {isa = PBXFileReference; lastKnownFileType = file.storyboard; name = Base; path = Base.lproj/Main.storyboard; sourceTree = "<group>"; };
		2986867A20B25801002B83D3 /* Assets.xcassets */ = {isa = PBXFileReference; lastKnownFileType = folder.assetcatalog; path = Assets.xcassets; sourceTree = "<group>"; };
		2986867D20B25801002B83D3 /* Base */ = {isa = PBXFileReference; lastKnownFileType = file.storyboard; name = Base; path = Base.lproj/LaunchScreen.storyboard; sourceTree = "<group>"; };
		2986867F20B25801002B83D3 /* Info.plist */ = {isa = PBXFileReference; lastKnownFileType = text.plist.xml; path = Info.plist; sourceTree = "<group>"; };
		2986868420B25801002B83D3 /* QRCodeTimestampTests.xctest */ = {isa = PBXFileReference; explicitFileType = wrapper.cfbundle; includeInIndex = 0; path = QRCodeTimestampTests.xctest; sourceTree = BUILT_PRODUCTS_DIR; };
		2986868820B25801002B83D3 /* QRCodeTimestampTests.swift */ = {isa = PBXFileReference; lastKnownFileType = sourcecode.swift; path = QRCodeTimestampTests.swift; sourceTree = "<group>"; };
		2986868A20B25801002B83D3 /* Info.plist */ = {isa = PBXFileReference; lastKnownFileType = text.plist.xml; path = Info.plist; sourceTree = "<group>"; };
		2986868F20B25801002B83D3 /* QRCodeTimestampUITests.xctest */ = {isa = PBXFileReference; explicitFileType = wrapper.cfbundle; includeInIndex = 0; path = QRCodeTimestampUITests.xctest; sourceTree = BUILT_PRODUCTS_DIR; };
		2986869320B25801002B83D3 /* QRCodeTimestampUITests.swift */ = {isa = PBXFileReference; lastKnownFileType = sourcecode.swift; path = QRCodeTimestampUITests.swift; sourceTree = "<group>"; };
		2986869520B25801002B83D3 /* Info.plist */ = {isa = PBXFileReference; lastKnownFileType = text.plist.xml; path = Info.plist; sourceTree = "<group>"; };
/* End PBXFileReference section */

/* Begin PBXFrameworksBuildPhase section */
		2986866D20B25800002B83D3 /* Frameworks */ = {
			isa = PBXFrameworksBuildPhase;
			buildActionMask = 2147483647;
			files = (
			);
			runOnlyForDeploymentPostprocessing = 0;
		};
		2986868120B25801002B83D3 /* Frameworks */ = {
			isa = PBXFrameworksBuildPhase;
			buildActionMask = 2147483647;
			files = (
			);
			runOnlyForDeploymentPostprocessing = 0;
		};
		2986868C20B25801002B83D3 /* Frameworks */ = {
			isa = PBXFrameworksBuildPhase;
			buildActionMask = 2147483647;
			files = (
			);
			runOnlyForDeploymentPostprocessing = 0;
		};
/* End PBXFrameworksBuildPhase section */

/* Begin PBXGroup section */
		2986866720B25800002B83D3 = {
			isa = PBXGroup;
			children = (
				2986867220B25800002B83D3 /* QRCodeTimestamp */,
				2986868720B25801002B83D3 /* QRCodeTimestampTests */,
				2986869220B25801002B83D3 /* QRCodeTimestampUITests */,
				2986867120B25800002B83D3 /* Products */,
			);
			sourceTree = "<group>";
		};
		2986867120B25800002B83D3 /* Products */ = {
			isa = PBXGroup;
			children = (
				2986867020B25800002B83D3 /* QRCodeTimestamp.app */,
				2986868420B25801002B83D3 /* QRCodeTimestampTests.xctest */,
				2986868F20B25801002B83D3 /* QRCodeTimestampUITests.xctest */,
			);
			name = Products;
			sourceTree = "<group>";
		};
		2986867220B25800002B83D3 /* QRCodeTimestamp */ = {
			isa = PBXGroup;
			children = (
				2986867320B25800002B83D3 /* AppDelegate.swift */,
				2986867520B25800002B83D3 /* ViewController.swift */,
				2986867720B25800002B83D3 /* Main.storyboard */,
				2986867A20B25801002B83D3 /* Assets.xcassets */,
				2986867C20B25801002B83D3 /* LaunchScreen.storyboard */,
				2986867F20B25801002B83D3 /* Info.plist */,
			);
			path = QRCodeTimestamp;
			sourceTree = "<group>";
		};
		2986868720B25801002B83D3 /* QRCodeTimestampTests */ = {
			isa = PBXGroup;
			children = (
				2986868820B25801002B83D3 /* QRCodeTimestampTests.swift */,
				2986868A20B25801002B83D3 /* Info.plist */,
			);
			path = QRCodeTimestampTests;
			sourceTree = "<group>";
		};
		2986869220B25801002B83D3 /* QRCodeTimestampUITests */ = {
			isa = PBXGroup;
			children = (
				2986869320B25801002B83D3 /* QRCodeTimestampUITests.swift */,
				2986869520B25801002B83D3 /* Info.plist */,
			);
			path = QRCodeTimestampUITests;
			sourceTree = "<group>";
		};
/* End PBXGroup section */

/* Begin PBXNativeTarget section */
		2986866F20B25800002B83D3 /* QRCodeTimestamp */ = {
			isa = PBXNativeTarget;
			buildConfigurationList = 2986869820B25801002B83D3 /* Build configuration list for PBXNativeTarget "QRCodeTimestamp" */;
			buildPhases = (
				2986866C20B25800002B83D3 /* Sources */,
				2986866D20B25800002B83D3 /* Frameworks */,
				2986866E20B25800002B83D3 /* Resources */,
			);
			buildRules = (
			);
			dependencies = (
			);
			name = QRCodeTimestamp;
			productName = QRCodeTimestamp;
			productReference = 2986867020B25800002B83D3 /* QRCodeTimestamp.app */;
			productType = "com.apple.product-type.application";
		};
		2986868320B25801002B83D3 /* QRCodeTimestampTests */ = {
			isa = PBXNativeTarget;
			buildConfigurationList = 2986869B20B25801002B83D3 /* Build configuration list for PBXNativeTarget "QRCodeTimestampTests" */;
			buildPhases = (
				2986868020B25801002B83D3 /* Sources */,
				2986868120B25801002B83D3 /* Frameworks */,
				2986868220B25801002B83D3 /* Resources */,
			);
			buildRules = (
			);
			dependencies = (
				2986868620B25801002B83D3 /* PBXTargetDependency */,
			);
			name = QRCodeTimestampTests;
			productName = QRCodeTimestampTests;
			productReference = 2986868420B25801002B83D3 /* QRCodeTimestampTests.xctest */;
			productType = "com.apple.product-type.bundle.unit-test";
		};
		2986868E20B25801002B83D3 /* QRCodeTimestampUITests */ = {
			isa = PBXNativeTarget;
			buildConfigurationList = 2986869E20B25801002B83D3 /* Build configuration list for PBXNativeTarget "QRCodeTimestampUITests" */;
			buildPhases = (
				2986868B20B25801002B83D3 /* Sources */,
				2986868C20B25801002B83D3 /* Frameworks */,
				2986868D20B25801002B83D3 /* Resources */,
			);
			buildRules = (
			);
			dependencies = (
				2986869120B25801002B83D3 /* PBXTargetDependency */,
			);
			name = QRCodeTimestampUITests;
			productName = QRCodeTimestampUITests;
			productReference = 2986868F20B25801002B83D3 /* QRCodeTimestampUITests.xctest */;
			productType = "com.apple.product-type.bundle.ui-testing";
		};
/* End PBXNativeTarget section */

/* Begin PBXProject section */
		2986866820B25800002B83D3 /* Project object */ = {
			isa = PBXProject;
			attributes = {
				LastSwiftUpdateCheck = 0930;
				LastUpgradeCheck = 0930;
				ORGANIZATIONNAME = "Shawn Roller";
				TargetAttributes = {
					2986866F20B25800002B83D3 = {
						CreatedOnToolsVersion = 9.3.1;
					};
					2986868320B25801002B83D3 = {
						CreatedOnToolsVersion = 9.3.1;
						TestTargetID = 2986866F20B25800002B83D3;
					};
					2986868E20B25801002B83D3 = {
						CreatedOnToolsVersion = 9.3.1;
						TestTargetID = 2986866F20B25800002B83D3;
					};
				};
			};
			buildConfigurationList = 2986866B20B25800002B83D3 /* Build configuration list for PBXProject "QRCodeTimestamp" */;
			compatibilityVersion = "Xcode 9.3";
			developmentRegion = en;
			hasScannedForEncodings = 0;
			knownRegions = (
				en,
				Base,
			);
			mainGroup = 2986866720B25800002B83D3;
			productRefGroup = 2986867120B25800002B83D3 /* Products */;
			projectDirPath = "";
			projectRoot = "";
			targets = (
				2986866F20B25800002B83D3 /* QRCodeTimestamp */,
				2986868320B25801002B83D3 /* QRCodeTimestampTests */,
				2986868E20B25801002B83D3 /* QRCodeTimestampUITests */,
			);
		};
/* End PBXProject section */

/* Begin PBXResourcesBuildPhase section */
		2986866E20B25800002B83D3 /* Resources */ = {
			isa = PBXResourcesBuildPhase;
			buildActionMask = 2147483647;
			files = (
				2986867E20B25801002B83D3 /* LaunchScreen.storyboard in Resources */,
				2986867B20B25801002B83D3 /* Assets.xcassets in Resources */,
				2986867920B25800002B83D3 /* Main.storyboard in Resources */,
			);
			runOnlyForDeploymentPostprocessing = 0;
		};
		2986868220B25801002B83D3 /* Resources */ = {
			isa = PBXResourcesBuildPhase;
			buildActionMask = 2147483647;
			files = (
			);
			runOnlyForDeploymentPostprocessing = 0;
		};
		2986868D20B25801002B83D3 /* Resources */ = {
			isa = PBXResourcesBuildPhase;
			buildActionMask = 2147483647;
			files = (
			);
			runOnlyForDeploymentPostprocessing = 0;
		};
/* End PBXResourcesBuildPhase section */

/* Begin PBXSourcesBuildPhase section */
		2986866C20B25800002B83D3 /* Sources */ = {
			isa = PBXSourcesBuildPhase;
			buildActionMask = 2147483647;
			files = (
				2986867620B25800002B83D3 /* ViewController.swift in Sources */,
				2986867420B25800002B83D3 /* AppDelegate.swift in Sources */,
			);
			runOnlyForDeploymentPostprocessing = 0;
		};
		2986868020B25801002B83D3 /* Sources */ = {
			isa = PBXSourcesBuildPhase;
			buildActionMask = 2147483647;
			files = (
				2986868920B25801002B83D3 /* QRCodeTimestampTests.swift in Sources */,
			);
			runOnlyForDeploymentPostprocessing = 0;
		};
		2986868B20B25801002B83D3 /* Sources */ = {
			isa = PBXSourcesBuildPhase;
			buildActionMask = 2147483647;
			files = (
				2986869420B25801002B83D3 /* QRCodeTimestampUITests.swift in Sources */,
			);
			runOnlyForDeploymentPostprocessing = 0;
		};
/* End PBXSourcesBuildPhase section */

/* Begin PBXTargetDependency section */
		2986868620B25801002B83D3 /* PBXTargetDependency */ = {
			isa = PBXTargetDependency;
			target = 2986866F20B25800002B83D3 /* QRCodeTimestamp */;
			targetProxy = 2986868520B25801002B83D3 /* PBXContainerItemProxy */;
		};
		2986869120B25801002B83D3 /* PBXTargetDependency */ = {
			isa = PBXTargetDependency;
			target = 2986866F20B25800002B83D3 /* QRCodeTimestamp */;
			targetProxy = 2986869020B25801002B83D3 /* PBXContainerItemProxy */;
		};
/* End PBXTargetDependency section */

/* Begin PBXVariantGroup section */
		2986867720B25800002B83D3 /* Main.storyboard */ = {
			isa = PBXVariantGroup;
			children = (
				2986867820B25800002B83D3 /* Base */,
			);
			name = Main.storyboard;
			sourceTree = "<group>";
		};
		2986867C20B25801002B83D3 /* LaunchScreen.storyboard */ = {
			isa = PBXVariantGroup;
			children = (
				2986867D20B25801002B83D3 /* Base */,
			);
			name = LaunchScreen.storyboard;
			sourceTree = "<group>";
		};
/* End PBXVariantGroup section */

/* Begin XCBuildConfiguration section */
		2986869620B25801002B83D3 /* Debug */ = {
			isa = XCBuildConfiguration;
			buildSettings = {
				ALWAYS_SEARCH_USER_PATHS = NO;
				CLANG_ANALYZER_NONNULL = YES;
				CLANG_ANALYZER_NUMBER_OBJECT_CONVERSION = YES_AGGRESSIVE;
				CLANG_CXX_LANGUAGE_STANDARD = "gnu++14";
				CLANG_CXX_LIBRARY = "libc++";
				CLANG_ENABLE_MODULES = YES;
				CLANG_ENABLE_OBJC_ARC = YES;
				CLANG_ENABLE_OBJC_WEAK = YES;
				CLANG_WARN_BLOCK_CAPTURE_AUTORELEASING = YES;
				CLANG_WARN_BOOL_CONVERSION = YES;
				CLANG_WARN_COMMA = YES;
				CLANG_WARN_CONSTANT_CONVERSION = YES;
				CLANG_WARN_DEPRECATED_OBJC_IMPLEMENTATIONS = YES;
				CLANG_WARN_DIRECT_OBJC_ISA_USAGE = YES_ERROR;
				CLANG_WARN_DOCUMENTATION_COMMENTS = YES;
				CLANG_WARN_EMPTY_BODY = YES;
				CLANG_WARN_ENUM_CONVERSION = YES;
				CLANG_WARN_INFINITE_RECURSION = YES;
				CLANG_WARN_INT_CONVERSION = YES;
				CLANG_WARN_NON_LITERAL_NULL_CONVERSION = YES;
				CLANG_WARN_OBJC_IMPLICIT_RETAIN_SELF = YES;
				CLANG_WARN_OBJC_LITERAL_CONVERSION = YES;
				CLANG_WARN_OBJC_ROOT_CLASS = YES_ERROR;
				CLANG_WARN_RANGE_LOOP_ANALYSIS = YES;
				CLANG_WARN_STRICT_PROTOTYPES = YES;
				CLANG_WARN_SUSPICIOUS_MOVE = YES;
				CLANG_WARN_UNGUARDED_AVAILABILITY = YES_AGGRESSIVE;
				CLANG_WARN_UNREACHABLE_CODE = YES;
				CLANG_WARN__DUPLICATE_METHOD_MATCH = YES;
				CODE_SIGN_IDENTITY = "iPhone Developer";
				COPY_PHASE_STRIP = NO;
				DEBUG_INFORMATION_FORMAT = dwarf;
				ENABLE_STRICT_OBJC_MSGSEND = YES;
				ENABLE_TESTABILITY = YES;
				GCC_C_LANGUAGE_STANDARD = gnu11;
				GCC_DYNAMIC_NO_PIC = NO;
				GCC_NO_COMMON_BLOCKS = YES;
				GCC_OPTIMIZATION_LEVEL = 0;
				GCC_PREPROCESSOR_DEFINITIONS = (
					"DEBUG=1",
					"$(inherited)",
				);
				GCC_WARN_64_TO_32_BIT_CONVERSION = YES;
				GCC_WARN_ABOUT_RETURN_TYPE = YES_ERROR;
				GCC_WARN_UNDECLARED_SELECTOR = YES;
				GCC_WARN_UNINITIALIZED_AUTOS = YES_AGGRESSIVE;
				GCC_WARN_UNUSED_FUNCTION = YES;
				GCC_WARN_UNUSED_VARIABLE = YES;
				IPHONEOS_DEPLOYMENT_TARGET = 11.3;
				MTL_ENABLE_DEBUG_INFO = YES;
				ONLY_ACTIVE_ARCH = YES;
				SDKROOT = iphoneos;
				SWIFT_ACTIVE_COMPILATION_CONDITIONS = DEBUG;
				SWIFT_OPTIMIZATION_LEVEL = "-Onone";
			};
			name = Debug;
		};
		2986869720B25801002B83D3 /* Release */ = {
			isa = XCBuildConfiguration;
			buildSettings = {
				ALWAYS_SEARCH_USER_PATHS = NO;
				CLANG_ANALYZER_NONNULL = YES;
				CLANG_ANALYZER_NUMBER_OBJECT_CONVERSION = YES_AGGRESSIVE;
				CLANG_CXX_LANGUAGE_STANDARD = "gnu++14";
				CLANG_CXX_LIBRARY = "libc++";
				CLANG_ENABLE_MODULES = YES;
				CLANG_ENABLE_OBJC_ARC = YES;
				CLANG_ENABLE_OBJC_WEAK = YES;
				CLANG_WARN_BLOCK_CAPTURE_AUTORELEASING = YES;
				CLANG_WARN_BOOL_CONVERSION = YES;
				CLANG_WARN_COMMA = YES;
				CLANG_WARN_CONSTANT_CONVERSION = YES;
				CLANG_WARN_DEPRECATED_OBJC_IMPLEMENTATIONS = YES;
				CLANG_WARN_DIRECT_OBJC_ISA_USAGE = YES_ERROR;
				CLANG_WARN_DOCUMENTATION_COMMENTS = YES;
				CLANG_WARN_EMPTY_BODY = YES;
				CLANG_WARN_ENUM_CONVERSION = YES;
				CLANG_WARN_INFINITE_RECURSION = YES;
				CLANG_WARN_INT_CONVERSION = YES;
				CLANG_WARN_NON_LITERAL_NULL_CONVERSION = YES;
				CLANG_WARN_OBJC_IMPLICIT_RETAIN_SELF = YES;
				CLANG_WARN_OBJC_LITERAL_CONVERSION = YES;
				CLANG_WARN_OBJC_ROOT_CLASS = YES_ERROR;
				CLANG_WARN_RANGE_LOOP_ANALYSIS = YES;
				CLANG_WARN_STRICT_PROTOTYPES = YES;
				CLANG_WARN_SUSPICIOUS_MOVE = YES;
				CLANG_WARN_UNGUARDED_AVAILABILITY = YES_AGGRESSIVE;
				CLANG_WARN_UNREACHABLE_CODE = YES;
				CLANG_WARN__DUPLICATE_METHOD_MATCH = YES;
				CODE_SIGN_IDENTITY = "iPhone Developer";
				COPY_PHASE_STRIP = NO;
				DEBUG_INFORMATION_FORMAT = "dwarf-with-dsym";
				ENABLE_NS_ASSERTIONS = NO;
				ENABLE_STRICT_OBJC_MSGSEND = YES;
				GCC_C_LANGUAGE_STANDARD = gnu11;
				GCC_NO_COMMON_BLOCKS = YES;
				GCC_WARN_64_TO_32_BIT_CONVERSION = YES;
				GCC_WARN_ABOUT_RETURN_TYPE = YES_ERROR;
				GCC_WARN_UNDECLARED_SELECTOR = YES;
				GCC_WARN_UNINITIALIZED_AUTOS = YES_AGGRESSIVE;
				GCC_WARN_UNUSED_FUNCTION = YES;
				GCC_WARN_UNUSED_VARIABLE = YES;
				IPHONEOS_DEPLOYMENT_TARGET = 11.3;
				MTL_ENABLE_DEBUG_INFO = NO;
				SDKROOT = iphoneos;
				SWIFT_COMPILATION_MODE = wholemodule;
				SWIFT_OPTIMIZATION_LEVEL = "-O";
				VALIDATE_PRODUCT = YES;
			};
			name = Release;
		};
		2986869920B25801002B83D3 /* Debug */ = {
			isa = XCBuildConfiguration;
			buildSettings = {
				ASSETCATALOG_COMPILER_APPICON_NAME = AppIcon;
				CODE_SIGN_STYLE = Automatic;
				DEVELOPMENT_TEAM = EWH85CQYYJ;
				INFOPLIST_FILE = QRCodeTimestamp/Info.plist;
				LD_RUNPATH_SEARCH_PATHS = (
					"$(inherited)",
					"@executable_path/Frameworks",
				);
				PRODUCT_BUNDLE_IDENTIFIER = "com.offensively-bad.QRCodeTimestamp";
				PRODUCT_NAME = "$(TARGET_NAME)";
				SWIFT_VERSION = 4.0;
				TARGETED_DEVICE_FAMILY = "1,2";
			};
			name = Debug;
		};
		2986869A20B25801002B83D3 /* Release */ = {
			isa = XCBuildConfiguration;
			buildSettings = {
				ASSETCATALOG_COMPILER_APPICON_NAME = AppIcon;
				CODE_SIGN_STYLE = Automatic;
				DEVELOPMENT_TEAM = EWH85CQYYJ;
				INFOPLIST_FILE = QRCodeTimestamp/Info.plist;
				LD_RUNPATH_SEARCH_PATHS = (
					"$(inherited)",
					"@executable_path/Frameworks",
				);
				PRODUCT_BUNDLE_IDENTIFIER = "com.offensively-bad.QRCodeTimestamp";
				PRODUCT_NAME = "$(TARGET_NAME)";
				SWIFT_VERSION = 4.0;
				TARGETED_DEVICE_FAMILY = "1,2";
			};
			name = Release;
		};
		2986869C20B25801002B83D3 /* Debug */ = {
			isa = XCBuildConfiguration;
			buildSettings = {
				ALWAYS_EMBED_SWIFT_STANDARD_LIBRARIES = YES;
				BUNDLE_LOADER = "$(TEST_HOST)";
				CODE_SIGN_STYLE = Automatic;
				DEVELOPMENT_TEAM = EWH85CQYYJ;
				INFOPLIST_FILE = QRCodeTimestampTests/Info.plist;
				LD_RUNPATH_SEARCH_PATHS = (
					"$(inherited)",
					"@executable_path/Frameworks",
					"@loader_path/Frameworks",
				);
				PRODUCT_BUNDLE_IDENTIFIER = "com.offensively-bad.QRCodeTimestampTests";
				PRODUCT_NAME = "$(TARGET_NAME)";
				SWIFT_VERSION = 4.0;
				TARGETED_DEVICE_FAMILY = "1,2";
				TEST_HOST = "$(BUILT_PRODUCTS_DIR)/QRCodeTimestamp.app/QRCodeTimestamp";
			};
			name = Debug;
		};
		2986869D20B25801002B83D3 /* Release */ = {
			isa = XCBuildConfiguration;
			buildSettings = {
				ALWAYS_EMBED_SWIFT_STANDARD_LIBRARIES = YES;
				BUNDLE_LOADER = "$(TEST_HOST)";
				CODE_SIGN_STYLE = Automatic;
				DEVELOPMENT_TEAM = EWH85CQYYJ;
				INFOPLIST_FILE = QRCodeTimestampTests/Info.plist;
				LD_RUNPATH_SEARCH_PATHS = (
					"$(inherited)",
					"@executable_path/Frameworks",
					"@loader_path/Frameworks",
				);
				PRODUCT_BUNDLE_IDENTIFIER = "com.offensively-bad.QRCodeTimestampTests";
				PRODUCT_NAME = "$(TARGET_NAME)";
				SWIFT_VERSION = 4.0;
				TARGETED_DEVICE_FAMILY = "1,2";
				TEST_HOST = "$(BUILT_PRODUCTS_DIR)/QRCodeTimestamp.app/QRCodeTimestamp";
			};
			name = Release;
		};
		2986869F20B25801002B83D3 /* Debug */ = {
			isa = XCBuildConfiguration;
			buildSettings = {
				ALWAYS_EMBED_SWIFT_STANDARD_LIBRARIES = YES;
				CODE_SIGN_STYLE = Automatic;
				DEVELOPMENT_TEAM = EWH85CQYYJ;
				INFOPLIST_FILE = QRCodeTimestampUITests/Info.plist;
				LD_RUNPATH_SEARCH_PATHS = (
					"$(inherited)",
					"@executable_path/Frameworks",
					"@loader_path/Frameworks",
				);
				PRODUCT_BUNDLE_IDENTIFIER = "com.offensively-bad.QRCodeTimestampUITests";
				PRODUCT_NAME = "$(TARGET_NAME)";
				SWIFT_VERSION = 4.0;
				TARGETED_DEVICE_FAMILY = "1,2";
				TEST_TARGET_NAME = QRCodeTimestamp;
			};
			name = Debug;
		};
		298686A020B25801002B83D3 /* Release */ = {
			isa = XCBuildConfiguration;
			buildSettings = {
				ALWAYS_EMBED_SWIFT_STANDARD_LIBRARIES = YES;
				CODE_SIGN_STYLE = Automatic;
				DEVELOPMENT_TEAM = EWH85CQYYJ;
				INFOPLIST_FILE = QRCodeTimestampUITests/Info.plist;
				LD_RUNPATH_SEARCH_PATHS = (
					"$(inherited)",
					"@executable_path/Frameworks",
					"@loader_path/Frameworks",
				);
				PRODUCT_BUNDLE_IDENTIFIER = "com.offensively-bad.QRCodeTimestampUITests";
				PRODUCT_NAME = "$(TARGET_NAME)";
				SWIFT_VERSION = 4.0;
				TARGETED_DEVICE_FAMILY = "1,2";
				TEST_TARGET_NAME = QRCodeTimestamp;
			};
			name = Release;
		};
/* End XCBuildConfiguration section */

/* Begin XCConfigurationList section */
		2986866B20B25800002B83D3 /* Build configuration list for PBXProject "QRCodeTimestamp" */ = {
			isa = XCConfigurationList;
			buildConfigurations = (
				2986869620B25801002B83D3 /* Debug */,
				2986869720B25801002B83D3 /* Release */,
			);
			defaultConfigurationIsVisible = 0;
			defaultConfigurationName = Release;
		};
		2986869820B25801002B83D3 /* Build configuration list for PBXNativeTarget "QRCodeTimestamp" */ = {
			isa = XCConfigurationList;
			buildConfigurations = (
				2986869920B25801002B83D3 /* Debug */,
				2986869A20B25801002B83D3 /* Release */,
			);
			defaultConfigurationIsVisible = 0;
			defaultConfigurationName = Release;
		};
		2986869B20B25801002B83D3 /* Build configuration list for PBXNativeTarget "QRCodeTimestampTests" */ = {
			isa = XCConfigurationList;
			buildConfigurations = (
				2986869C20B25801002B83D3 /* Debug */,
				2986869D20B25801002B83D3 /* Release */,
			);
			defaultConfigurationIsVisible = 0;
			defaultConfigurationName = Release;
		};
		2986869E20B25801002B83D3 /* Build configuration list for PBXNativeTarget "QRCodeTimestampUITests" */ = {
			isa = XCConfigurationList;
			buildConfigurations = (
				2986869F20B25801002B83D3 /* Debug */,
				298686A020B25801002B83D3 /* Release */,
			);
			defaultConfigurationIsVisible = 0;
			defaultConfigurationName = Release;
		};
/* End XCConfigurationList section */
	};
	rootObject = 2986866820B25800002B83D3 /* Project object */;
}
